
Microsoft Visual Studio Solution File, Format Version 12.00
# Visual Studio Version 17
VisualStudioVersion = 17.9.34701.34
MinimumVisualStudioVersion = 10.0.40219.1
Project("{9A19103F-16F7-4668-BE54-9A1E7A4F7556}") = "COMP1640-BE", "COMP1640-BE\COMP1640-BE.csproj", "{C1EFD577-D82D-466A-B5F4-CBE37D25147A}"
EndProject
Project("{FAE04EC0-301F-11D3-BF4B-00C04F79EFBC}") = "DataAccessLayer", "DataAccessLayer\DataAccessLayer.csproj", "{F40E18B2-E1C8-4B87-B7DC-E04D52EDBD47}"
EndProject
Project("{FAE04EC0-301F-11D3-BF4B-00C04F79EFBC}") = "BusinessLogicLayer", "BusinessLogicLayer\BusinessLogicLayer.csproj", "{9E763A12-9D36-4C18-B99A-569115C276CB}"
EndProject
Global
	GlobalSection(SolutionConfigurationPlatforms) = preSolution
		Debug|Any CPU = Debug|Any CPU
		Release|Any CPU = Release|Any CPU
	EndGlobalSection
	GlobalSection(ProjectConfigurationPlatforms) = postSolution
		{C1EFD577-D82D-466A-B5F4-CBE37D25147A}.Debug|Any CPU.ActiveCfg = Debug|Any CPU
		{C1EFD577-D82D-466A-B5F4-CBE37D25147A}.Debug|Any CPU.Build.0 = Debug|Any CPU
		{C1EFD577-D82D-466A-B5F4-CBE37D25147A}.Release|Any CPU.ActiveCfg = Release|Any CPU
		{C1EFD577-D82D-466A-B5F4-CBE37D25147A}.Release|Any CPU.Build.0 = Release|Any CPU
		{F40E18B2-E1C8-4B87-B7DC-E04D52EDBD47}.Debug|Any CPU.ActiveCfg = Debug|Any CPU
		{F40E18B2-E1C8-4B87-B7DC-E04D52EDBD47}.Debug|Any CPU.Build.0 = Debug|Any CPU
		{F40E18B2-E1C8-4B87-B7DC-E04D52EDBD47}.Release|Any CPU.ActiveCfg = Release|Any CPU
		{F40E18B2-E1C8-4B87-B7DC-E04D52EDBD47}.Release|Any CPU.Build.0 = Release|Any CPU
		{9E763A12-9D36-4C18-B99A-569115C276CB}.Debug|Any CPU.ActiveCfg = Debug|Any CPU
		{9E763A12-9D36-4C18-B99A-569115C276CB}.Debug|Any CPU.Build.0 = Debug|Any CPU
		{9E763A12-9D36-4C18-B99A-569115C276CB}.Release|Any CPU.ActiveCfg = Release|Any CPU
		{9E763A12-9D36-4C18-B99A-569115C276CB}.Release|Any CPU.Build.0 = Release|Any CPU
	EndGlobalSection
	GlobalSection(SolutionProperties) = preSolution
		HideSolutionNode = FALSE
	EndGlobalSection
	GlobalSection(ExtensibilityGlobals) = postSolution
		SolutionGuid = {9E6C6B0B-5C58-41A8-B0B2-851D80913A1D}
	EndGlobalSection
EndGlobal
